// !$*UTF8*$!
{
	archiveVersion = 1;
	classes = {
	};
	objectVersion = 48;
	objects = {

/* Begin PBXBuildFile section */
		20722C2B1F77C1E900199681 /* AppDelegate.swift in Sources */ = {isa = PBXBuildFile; fileRef = 20722C2A1F77C1E900199681 /* AppDelegate.swift */; };
		20722C2D1F77C1E900199681 /* ViewController.swift in Sources */ = {isa = PBXBuildFile; fileRef = 20722C2C1F77C1E900199681 /* ViewController.swift */; };
		20722C301F77C1E900199681 /* Main.storyboard in Resources */ = {isa = PBXBuildFile; fileRef = 20722C2E1F77C1E900199681 /* Main.storyboard */; };
		20722C321F77C1E900199681 /* Assets.xcassets in Resources */ = {isa = PBXBuildFile; fileRef = 20722C311F77C1E900199681 /* Assets.xcassets */; };
		20722C351F77C1E900199681 /* LaunchScreen.storyboard in Resources */ = {isa = PBXBuildFile; fileRef = 20722C331F77C1E900199681 /* LaunchScreen.storyboard */; };
		20722C401F77C1E900199681 /* conceptTests.swift in Sources */ = {isa = PBXBuildFile; fileRef = 20722C3F1F77C1E900199681 /* conceptTests.swift */; };
		20722C4B1F77C1E900199681 /* conceptUITests.swift in Sources */ = {isa = PBXBuildFile; fileRef = 20722C4A1F77C1E900199681 /* conceptUITests.swift */; };
		2083DC651F9CF1D0008A1640 /* leftCardController.swift in Sources */ = {isa = PBXBuildFile; fileRef = 2083DC641F9CF1D0008A1640 /* leftCardController.swift */; };
		209331021F7DAFE7009A4498 /* cardsController.swift in Sources */ = {isa = PBXBuildFile; fileRef = 209331011F7DAFE7009A4498 /* cardsController.swift */; };
		209B05FC1F9E556D002A7195 /* concept.xcdatamodeld in Sources */ = {isa = PBXBuildFile; fileRef = 209B05FA1F9E4EB2002A7195 /* concept.xcdatamodeld */; };
		20DEC3861F9D312B00674BBF /* MealTableViewCell.swift in Sources */ = {isa = PBXBuildFile; fileRef = 20DEC3851F9D312B00674BBF /* MealTableViewCell.swift */; };
		20DEC3881F9D321F00674BBF /* Entry.swift in Sources */ = {isa = PBXBuildFile; fileRef = 20DEC3871F9D321F00674BBF /* Entry.swift */; };
		20DEC38A1F9D370500674BBF /* MealTableViewController.swift in Sources */ = {isa = PBXBuildFile; fileRef = 20DEC3891F9D370500674BBF /* MealTableViewController.swift */; };
/* End PBXBuildFile section */

/* Begin PBXContainerItemProxy section */
		20722C3C1F77C1E900199681 /* PBXContainerItemProxy */ = {
			isa = PBXContainerItemProxy;
			containerPortal = 20722C1F1F77C1E900199681 /* Project object */;
			proxyType = 1;
			remoteGlobalIDString = 20722C261F77C1E900199681;
			remoteInfo = concept;
		};
		20722C471F77C1E900199681 /* PBXContainerItemProxy */ = {
			isa = PBXContainerItemProxy;
			containerPortal = 20722C1F1F77C1E900199681 /* Project object */;
			proxyType = 1;
			remoteGlobalIDString = 20722C261F77C1E900199681;
			remoteInfo = concept;
		};
/* End PBXContainerItemProxy section */

/* Begin PBXFileReference section */
		20722C271F77C1E900199681 /* concept.app */ = {isa = PBXFileReference; explicitFileType = wrapper.application; includeInIndex = 0; path = concept.app; sourceTree = BUILT_PRODUCTS_DIR; };
		20722C2A1F77C1E900199681 /* AppDelegate.swift */ = {isa = PBXFileReference; lastKnownFileType = sourcecode.swift; path = AppDelegate.swift; sourceTree = "<group>"; };
		20722C2C1F77C1E900199681 /* ViewController.swift */ = {isa = PBXFileReference; lastKnownFileType = sourcecode.swift; path = ViewController.swift; sourceTree = "<group>"; };
		20722C2F1F77C1E900199681 /* Base */ = {isa = PBXFileReference; lastKnownFileType = file.storyboard; name = Base; path = Base.lproj/Main.storyboard; sourceTree = "<group>"; };
		20722C311F77C1E900199681 /* Assets.xcassets */ = {isa = PBXFileReference; lastKnownFileType = folder.assetcatalog; path = Assets.xcassets; sourceTree = "<group>"; };
		20722C341F77C1E900199681 /* Base */ = {isa = PBXFileReference; lastKnownFileType = file.storyboard; name = Base; path = Base.lproj/LaunchScreen.storyboard; sourceTree = "<group>"; };
		20722C361F77C1E900199681 /* Info.plist */ = {isa = PBXFileReference; lastKnownFileType = text.plist.xml; path = Info.plist; sourceTree = "<group>"; };
		20722C3B1F77C1E900199681 /* conceptTests.xctest */ = {isa = PBXFileReference; explicitFileType = wrapper.cfbundle; includeInIndex = 0; path = conceptTests.xctest; sourceTree = BUILT_PRODUCTS_DIR; };
		20722C3F1F77C1E900199681 /* conceptTests.swift */ = {isa = PBXFileReference; lastKnownFileType = sourcecode.swift; path = conceptTests.swift; sourceTree = "<group>"; };
		20722C411F77C1E900199681 /* Info.plist */ = {isa = PBXFileReference; lastKnownFileType = text.plist.xml; path = Info.plist; sourceTree = "<group>"; };
		20722C461F77C1E900199681 /* conceptUITests.xctest */ = {isa = PBXFileReference; explicitFileType = wrapper.cfbundle; includeInIndex = 0; path = conceptUITests.xctest; sourceTree = BUILT_PRODUCTS_DIR; };
		20722C4A1F77C1E900199681 /* conceptUITests.swift */ = {isa = PBXFileReference; lastKnownFileType = sourcecode.swift; path = conceptUITests.swift; sourceTree = "<group>"; };
		20722C4C1F77C1E900199681 /* Info.plist */ = {isa = PBXFileReference; lastKnownFileType = text.plist.xml; path = Info.plist; sourceTree = "<group>"; };
		2083DC641F9CF1D0008A1640 /* leftCardController.swift */ = {isa = PBXFileReference; lastKnownFileType = sourcecode.swift; path = leftCardController.swift; sourceTree = "<group>"; };
		209331011F7DAFE7009A4498 /* cardsController.swift */ = {isa = PBXFileReference; lastKnownFileType = sourcecode.swift; path = cardsController.swift; sourceTree = "<group>"; };
		209B05FB1F9E4EB2002A7195 /* coredata.xcdatamodel */ = {isa = PBXFileReference; lastKnownFileType = wrapper.xcdatamodel; path = coredata.xcdatamodel; sourceTree = "<group>"; };
		20DEC3851F9D312B00674BBF /* MealTableViewCell.swift */ = {isa = PBXFileReference; lastKnownFileType = sourcecode.swift; path = MealTableViewCell.swift; sourceTree = "<group>"; };
		20DEC3871F9D321F00674BBF /* Entry.swift */ = {isa = PBXFileReference; lastKnownFileType = sourcecode.swift; path = Entry.swift; sourceTree = "<group>"; };
		20DEC3891F9D370500674BBF /* MealTableViewController.swift */ = {isa = PBXFileReference; lastKnownFileType = sourcecode.swift; path = MealTableViewController.swift; sourceTree = "<group>"; };
/* End PBXFileReference section */

/* Begin PBXFrameworksBuildPhase section */
		20722C241F77C1E900199681 /* Frameworks */ = {
			isa = PBXFrameworksBuildPhase;
			buildActionMask = 2147483647;
			files = (
			);
			runOnlyForDeploymentPostprocessing = 0;
		};
		20722C381F77C1E900199681 /* Frameworks */ = {
			isa = PBXFrameworksBuildPhase;
			buildActionMask = 2147483647;
			files = (
			);
			runOnlyForDeploymentPostprocessing = 0;
		};
		20722C431F77C1E900199681 /* Frameworks */ = {
			isa = PBXFrameworksBuildPhase;
			buildActionMask = 2147483647;
			files = (
			);
			runOnlyForDeploymentPostprocessing = 0;
		};
/* End PBXFrameworksBuildPhase section */

/* Begin PBXGroup section */
		20722C1E1F77C1E900199681 = {
			isa = PBXGroup;
			children = (
				20722C291F77C1E900199681 /* concept */,
				20722C3E1F77C1E900199681 /* conceptTests */,
				20722C491F77C1E900199681 /* conceptUITests */,
				20722C281F77C1E900199681 /* Products */,
			);
			sourceTree = "<group>";
		};
		20722C281F77C1E900199681 /* Products */ = {
			isa = PBXGroup;
			children = (
				20722C271F77C1E900199681 /* concept.app */,
				20722C3B1F77C1E900199681 /* conceptTests.xctest */,
				20722C461F77C1E900199681 /* conceptUITests.xctest */,
			);
			name = Products;
			sourceTree = "<group>";
		};
		20722C291F77C1E900199681 /* concept */ = {
			isa = PBXGroup;
			children = (
				20722C2A1F77C1E900199681 /* AppDelegate.swift */,
				20722C2C1F77C1E900199681 /* ViewController.swift */,
				20722C2E1F77C1E900199681 /* Main.storyboard */,
				209331011F7DAFE7009A4498 /* cardsController.swift */,
				2083DC641F9CF1D0008A1640 /* leftCardController.swift */,
				20DEC3871F9D321F00674BBF /* Entry.swift */,
				20DEC3851F9D312B00674BBF /* MealTableViewCell.swift */,
				20DEC3891F9D370500674BBF /* MealTableViewController.swift */,
				20722C311F77C1E900199681 /* Assets.xcassets */,
				20722C331F77C1E900199681 /* LaunchScreen.storyboard */,
				20722C361F77C1E900199681 /* Info.plist */,
				209B05FA1F9E4EB2002A7195 /* concept.xcdatamodeld */,
			);
			path = concept;
			sourceTree = "<group>";
		};
		20722C3E1F77C1E900199681 /* conceptTests */ = {
			isa = PBXGroup;
			children = (
				20722C3F1F77C1E900199681 /* conceptTests.swift */,
				20722C411F77C1E900199681 /* Info.plist */,
			);
			path = conceptTests;
			sourceTree = "<group>";
		};
		20722C491F77C1E900199681 /* conceptUITests */ = {
			isa = PBXGroup;
			children = (
				20722C4A1F77C1E900199681 /* conceptUITests.swift */,
				20722C4C1F77C1E900199681 /* Info.plist */,
			);
			path = conceptUITests;
			sourceTree = "<group>";
		};
/* End PBXGroup section */

/* Begin PBXNativeTarget section */
		20722C261F77C1E900199681 /* concept */ = {
			isa = PBXNativeTarget;
			buildConfigurationList = 20722C4F1F77C1E900199681 /* Build configuration list for PBXNativeTarget "concept" */;
			buildPhases = (
				20722C231F77C1E900199681 /* Sources */,
				20722C241F77C1E900199681 /* Frameworks */,
				20722C251F77C1E900199681 /* Resources */,
			);
			buildRules = (
			);
			dependencies = (
			);
			name = concept;
			productName = concept;
			productReference = 20722C271F77C1E900199681 /* concept.app */;
			productType = "com.apple.product-type.application";
		};
		20722C3A1F77C1E900199681 /* conceptTests */ = {
			isa = PBXNativeTarget;
			buildConfigurationList = 20722C521F77C1E900199681 /* Build configuration list for PBXNativeTarget "conceptTests" */;
			buildPhases = (
				20722C371F77C1E900199681 /* Sources */,
				20722C381F77C1E900199681 /* Frameworks */,
				20722C391F77C1E900199681 /* Resources */,
			);
			buildRules = (
			);
			dependencies = (
				20722C3D1F77C1E900199681 /* PBXTargetDependency */,
			);
			name = conceptTests;
			productName = conceptTests;
			productReference = 20722C3B1F77C1E900199681 /* conceptTests.xctest */;
			productType = "com.apple.product-type.bundle.unit-test";
		};
		20722C451F77C1E900199681 /* conceptUITests */ = {
			isa = PBXNativeTarget;
			buildConfigurationList = 20722C551F77C1E900199681 /* Build configuration list for PBXNativeTarget "conceptUITests" */;
			buildPhases = (
				20722C421F77C1E900199681 /* Sources */,
				20722C431F77C1E900199681 /* Frameworks */,
				20722C441F77C1E900199681 /* Resources */,
			);
			buildRules = (
			);
			dependencies = (
				20722C481F77C1E900199681 /* PBXTargetDependency */,
			);
			name = conceptUITests;
			productName = conceptUITests;
			productReference = 20722C461F77C1E900199681 /* conceptUITests.xctest */;
			productType = "com.apple.product-type.bundle.ui-testing";
		};
/* End PBXNativeTarget section */

/* Begin PBXProject section */
		20722C1F1F77C1E900199681 /* Project object */ = {
			isa = PBXProject;
			attributes = {
				LastSwiftUpdateCheck = 0900;
				LastUpgradeCheck = 0900;
				ORGANIZATIONNAME = "Evan OLLIVIER";
				TargetAttributes = {
					20722C261F77C1E900199681 = {
						CreatedOnToolsVersion = 9.0;
						ProvisioningStyle = Automatic;
					};
					20722C3A1F77C1E900199681 = {
						CreatedOnToolsVersion = 9.0;
						ProvisioningStyle = Automatic;
						TestTargetID = 20722C261F77C1E900199681;
					};
					20722C451F77C1E900199681 = {
						CreatedOnToolsVersion = 9.0;
						ProvisioningStyle = Automatic;
						TestTargetID = 20722C261F77C1E900199681;
					};
				};
			};
			buildConfigurationList = 20722C221F77C1E900199681 /* Build configuration list for PBXProject "concept" */;
			compatibilityVersion = "Xcode 8.0";
			developmentRegion = en;
			hasScannedForEncodings = 0;
			knownRegions = (
				en,
				Base,
			);
			mainGroup = 20722C1E1F77C1E900199681;
			productRefGroup = 20722C281F77C1E900199681 /* Products */;
			projectDirPath = "";
			projectRoot = "";
			targets = (
				20722C261F77C1E900199681 /* concept */,
				20722C3A1F77C1E900199681 /* conceptTests */,
				20722C451F77C1E900199681 /* conceptUITests */,
			);
		};
/* End PBXProject section */

/* Begin PBXResourcesBuildPhase section */
		20722C251F77C1E900199681 /* Resources */ = {
			isa = PBXResourcesBuildPhase;
			buildActionMask = 2147483647;
			files = (
				20722C351F77C1E900199681 /* LaunchScreen.storyboard in Resources */,
				20722C321F77C1E900199681 /* Assets.xcassets in Resources */,
				20722C301F77C1E900199681 /* Main.storyboard in Resources */,
			);
			runOnlyForDeploymentPostprocessing = 0;
		};
		20722C391F77C1E900199681 /* Resources */ = {
			isa = PBXResourcesBuildPhase;
			buildActionMask = 2147483647;
			files = (
			);
			runOnlyForDeploymentPostprocessing = 0;
		};
		20722C441F77C1E900199681 /* Resources */ = {
			isa = PBXResourcesBuildPhase;
			buildActionMask = 2147483647;
			files = (
			);
			runOnlyForDeploymentPostprocessing = 0;
		};
/* End PBXResourcesBuildPhase section */

/* Begin PBXSourcesBuildPhase section */
		20722C231F77C1E900199681 /* Sources */ = {
			isa = PBXSourcesBuildPhase;
			buildActionMask = 2147483647;
			files = (
				209B05FC1F9E556D002A7195 /* concept.xcdatamodeld in Sources */,
				20DEC3881F9D321F00674BBF /* Entry.swift in Sources */,
				20DEC3861F9D312B00674BBF /* MealTableViewCell.swift in Sources */,
				2083DC651F9CF1D0008A1640 /* leftCardController.swift in Sources */,
				20722C2D1F77C1E900199681 /* ViewController.swift in Sources */,
				20DEC38A1F9D370500674BBF /* MealTableViewController.swift in Sources */,
				20722C2B1F77C1E900199681 /* AppDelegate.swift in Sources */,
				209331021F7DAFE7009A4498 /* cardsController.swift in Sources */,
			);
			runOnlyForDeploymentPostprocessing = 0;
		};
		20722C371F77C1E900199681 /* Sources */ = {
			isa = PBXSourcesBuildPhase;
			buildActionMask = 2147483647;
			files = (
				20722C401F77C1E900199681 /* conceptTests.swift in Sources */,
			);
			runOnlyForDeploymentPostprocessing = 0;
		};
		20722C421F77C1E900199681 /* Sources */ = {
			isa = PBXSourcesBuildPhase;
			buildActionMask = 2147483647;
			files = (
				20722C4B1F77C1E900199681 /* conceptUITests.swift in Sources */,
			);
			runOnlyForDeploymentPostprocessing = 0;
		};
/* End PBXSourcesBuildPhase section */

/* Begin PBXTargetDependency section */
		20722C3D1F77C1E900199681 /* PBXTargetDependency */ = {
			isa = PBXTargetDependency;
			target = 20722C261F77C1E900199681 /* concept */;
			targetProxy = 20722C3C1F77C1E900199681 /* PBXContainerItemProxy */;
		};
		20722C481F77C1E900199681 /* PBXTargetDependency */ = {
			isa = PBXTargetDependency;
			target = 20722C261F77C1E900199681 /* concept */;
			targetProxy = 20722C471F77C1E900199681 /* PBXContainerItemProxy */;
		};
/* End PBXTargetDependency section */

/* Begin PBXVariantGroup section */
		20722C2E1F77C1E900199681 /* Main.storyboard */ = {
			isa = PBXVariantGroup;
			children = (
				20722C2F1F77C1E900199681 /* Base */,
			);
			name = Main.storyboard;
			sourceTree = "<group>";
		};
		20722C331F77C1E900199681 /* LaunchScreen.storyboard */ = {
			isa = PBXVariantGroup;
			children = (
				20722C341F77C1E900199681 /* Base */,
			);
			name = LaunchScreen.storyboard;
			sourceTree = "<group>";
		};
/* End PBXVariantGroup section */

/* Begin XCBuildConfiguration section */
		20722C4D1F77C1E900199681 /* Debug */ = {
			isa = XCBuildConfiguration;
			buildSettings = {
				ALWAYS_SEARCH_USER_PATHS = NO;
				CLANG_ANALYZER_NONNULL = YES;
				CLANG_ANALYZER_NUMBER_OBJECT_CONVERSION = YES_AGGRESSIVE;
				CLANG_CXX_LANGUAGE_STANDARD = "gnu++14";
				CLANG_CXX_LIBRARY = "libc++";
				CLANG_ENABLE_MODULES = YES;
				CLANG_ENABLE_OBJC_ARC = YES;
				CLANG_WARN_BLOCK_CAPTURE_AUTORELEASING = YES;
				CLANG_WARN_BOOL_CONVERSION = YES;
				CLANG_WARN_COMMA = YES;
				CLANG_WARN_CONSTANT_CONVERSION = YES;
				CLANG_WARN_DIRECT_OBJC_ISA_USAGE = YES_ERROR;
				CLANG_WARN_DOCUMENTATION_COMMENTS = YES;
				CLANG_WARN_EMPTY_BODY = YES;
				CLANG_WARN_ENUM_CONVERSION = YES;
				CLANG_WARN_INFINITE_RECURSION = YES;
				CLANG_WARN_INT_CONVERSION = YES;
				CLANG_WARN_NON_LITERAL_NULL_CONVERSION = YES;
				CLANG_WARN_OBJC_LITERAL_CONVERSION = YES;
				CLANG_WARN_OBJC_ROOT_CLASS = YES_ERROR;
				CLANG_WARN_RANGE_LOOP_ANALYSIS = YES;
				CLANG_WARN_STRICT_PROTOTYPES = YES;
				CLANG_WARN_SUSPICIOUS_MOVE = YES;
				CLANG_WARN_UNGUARDED_AVAILABILITY = YES_AGGRESSIVE;
				CLANG_WARN_UNREACHABLE_CODE = YES;
				CLANG_WARN__DUPLICATE_METHOD_MATCH = YES;
				CODE_SIGN_IDENTITY = "iPhone Developer";
				COPY_PHASE_STRIP = NO;
				DEBUG_INFORMATION_FORMAT = dwarf;
				ENABLE_STRICT_OBJC_MSGSEND = YES;
				ENABLE_TESTABILITY = YES;
				GCC_C_LANGUAGE_STANDARD = gnu11;
				GCC_DYNAMIC_NO_PIC = NO;
				GCC_NO_COMMON_BLOCKS = YES;
				GCC_OPTIMIZATION_LEVEL = 0;
				GCC_PREPROCESSOR_DEFINITIONS = (
					"DEBUG=1",
					"$(inherited)",
				);
				GCC_WARN_64_TO_32_BIT_CONVERSION = YES;
				GCC_WARN_ABOUT_RETURN_TYPE = YES_ERROR;
				GCC_WARN_UNDECLARED_SELECTOR = YES;
				GCC_WARN_UNINITIALIZED_AUTOS = YES_AGGRESSIVE;
				GCC_WARN_UNUSED_FUNCTION = YES;
				GCC_WARN_UNUSED_VARIABLE = YES;
				IPHONEOS_DEPLOYMENT_TARGET = 11.0;
				MTL_ENABLE_DEBUG_INFO = YES;
				ONLY_ACTIVE_ARCH = YES;
				SDKROOT = iphoneos;
				SWIFT_ACTIVE_COMPILATION_CONDITIONS = DEBUG;
				SWIFT_OPTIMIZATION_LEVEL = "-Onone";
			};
			name = Debug;
		};
		20722C4E1F77C1E900199681 /* Release */ = {
			isa = XCBuildConfiguration;
			buildSettings = {
				ALWAYS_SEARCH_USER_PATHS = NO;
				CLANG_ANALYZER_NONNULL = YES;
				CLANG_ANALYZER_NUMBER_OBJECT_CONVERSION = YES_AGGRESSIVE;
				CLANG_CXX_LANGUAGE_STANDARD = "gnu++14";
				CLANG_CXX_LIBRARY = "libc++";
				CLANG_ENABLE_MODULES = YES;
				CLANG_ENABLE_OBJC_ARC = YES;
				CLANG_WARN_BLOCK_CAPTURE_AUTORELEASING = YES;
				CLANG_WARN_BOOL_CONVERSION = YES;
				CLANG_WARN_COMMA = YES;
				CLANG_WARN_CONSTANT_CONVERSION = YES;
				CLANG_WARN_DIRECT_OBJC_ISA_USAGE = YES_ERROR;
				CLANG_WARN_DOCUMENTATION_COMMENTS = YES;
				CLANG_WARN_EMPTY_BODY = YES;
				CLANG_WARN_ENUM_CONVERSION = YES;
				CLANG_WARN_INFINITE_RECURSION = YES;
				CLANG_WARN_INT_CONVERSION = YES;
				CLANG_WARN_NON_LITERAL_NULL_CONVERSION = YES;
				CLANG_WARN_OBJC_LITERAL_CONVERSION = YES;
				CLANG_WARN_OBJC_ROOT_CLASS = YES_ERROR;
				CLANG_WARN_RANGE_LOOP_ANALYSIS = YES;
				CLANG_WARN_STRICT_PROTOTYPES = YES;
				CLANG_WARN_SUSPICIOUS_MOVE = YES;
				CLANG_WARN_UNGUARDED_AVAILABILITY = YES_AGGRESSIVE;
				CLANG_WARN_UNREACHABLE_CODE = YES;
				CLANG_WARN__DUPLICATE_METHOD_MATCH = YES;
				CODE_SIGN_IDENTITY = "iPhone Developer";
				COPY_PHASE_STRIP = NO;
				DEBUG_INFORMATION_FORMAT = "dwarf-with-dsym";
				ENABLE_NS_ASSERTIONS = NO;
				ENABLE_STRICT_OBJC_MSGSEND = YES;
				GCC_C_LANGUAGE_STANDARD = gnu11;
				GCC_NO_COMMON_BLOCKS = YES;
				GCC_WARN_64_TO_32_BIT_CONVERSION = YES;
				GCC_WARN_ABOUT_RETURN_TYPE = YES_ERROR;
				GCC_WARN_UNDECLARED_SELECTOR = YES;
				GCC_WARN_UNINITIALIZED_AUTOS = YES_AGGRESSIVE;
				GCC_WARN_UNUSED_FUNCTION = YES;
				GCC_WARN_UNUSED_VARIABLE = YES;
				IPHONEOS_DEPLOYMENT_TARGET = 11.0;
				MTL_ENABLE_DEBUG_INFO = NO;
				SDKROOT = iphoneos;
				SWIFT_OPTIMIZATION_LEVEL = "-Owholemodule";
				VALIDATE_PRODUCT = YES;
			};
			name = Release;
		};
		20722C501F77C1E900199681 /* Debug */ = {
			isa = XCBuildConfiguration;
			buildSettings = {
				ASSETCATALOG_COMPILER_APPICON_NAME = AppIcon;
				CODE_SIGN_STYLE = Automatic;
				DEVELOPMENT_TEAM = B75G8SHSEQ;
				INFOPLIST_FILE = concept/Info.plist;
				IPHONEOS_DEPLOYMENT_TARGET = 10.0;
				LD_RUNPATH_SEARCH_PATHS = "$(inherited) @executable_path/Frameworks";
				PRODUCT_BUNDLE_IDENTIFIER = me.evanollivier.concept;
				PRODUCT_NAME = "$(TARGET_NAME)";
				SWIFT_VERSION = 4.0;
				TARGETED_DEVICE_FAMILY = "1,2";
			};
			name = Debug;
		};
		20722C511F77C1E900199681 /* Release */ = {
			isa = XCBuildConfiguration;
			buildSettings = {
				ASSETCATALOG_COMPILER_APPICON_NAME = AppIcon;
				CODE_SIGN_STYLE = Automatic;
				DEVELOPMENT_TEAM = B75G8SHSEQ;
				INFOPLIST_FILE = concept/Info.plist;
				IPHONEOS_DEPLOYMENT_TARGET = 10.0;
				LD_RUNPATH_SEARCH_PATHS = "$(inherited) @executable_path/Frameworks";
				PRODUCT_BUNDLE_IDENTIFIER = me.evanollivier.concept;
				PRODUCT_NAME = "$(TARGET_NAME)";
				SWIFT_VERSION = 4.0;
				TARGETED_DEVICE_FAMILY = "1,2";
			};
			name = Release;
		};
		20722C531F77C1E900199681 /* Debug */ = {
			isa = XCBuildConfiguration;
			buildSettings = {
				ALWAYS_EMBED_SWIFT_STANDARD_LIBRARIES = YES;
				BUNDLE_LOADER = "$(TEST_HOST)";
				CODE_SIGN_STYLE = Automatic;
				INFOPLIST_FILE = conceptTests/Info.plist;
				LD_RUNPATH_SEARCH_PATHS = "$(inherited) @executable_path/Frameworks @loader_path/Frameworks";
				PRODUCT_BUNDLE_IDENTIFIER = me.evanollivier.conceptTests;
				PRODUCT_NAME = "$(TARGET_NAME)";
				SWIFT_VERSION = 4.0;
				TARGETED_DEVICE_FAMILY = "1,2";
				TEST_HOST = "$(BUILT_PRODUCTS_DIR)/concept.app/concept";
			};
			name = Debug;
		};
		20722C541F77C1E900199681 /* Release */ = {
			isa = XCBuildConfiguration;
			buildSettings = {
				ALWAYS_EMBED_SWIFT_STANDARD_LIBRARIES = YES;
				BUNDLE_LOADER = "$(TEST_HOST)";
				CODE_SIGN_STYLE = Automatic;
				INFOPLIST_FILE = conceptTests/Info.plist;
				LD_RUNPATH_SEARCH_PATHS = "$(inherited) @executable_path/Frameworks @loader_path/Frameworks";
				PRODUCT_BUNDLE_IDENTIFIER = me.evanollivier.conceptTests;
				PRODUCT_NAME = "$(TARGET_NAME)";
				SWIFT_VERSION = 4.0;
				TARGETED_DEVICE_FAMILY = "1,2";
				TEST_HOST = "$(BUILT_PRODUCTS_DIR)/concept.app/concept";
			};
			name = Release;
		};
		20722C561F77C1E900199681 /* Debug */ = {
			isa = XCBuildConfiguration;
			buildSettings = {
				ALWAYS_EMBED_SWIFT_STANDARD_LIBRARIES = YES;
				CODE_SIGN_STYLE = Automatic;
				INFOPLIST_FILE = conceptUITests/Info.plist;
				LD_RUNPATH_SEARCH_PATHS = "$(inherited) @executable_path/Frameworks @loader_path/Frameworks";
				PRODUCT_BUNDLE_IDENTIFIER = me.evanollivier.conceptUITests;
				PRODUCT_NAME = "$(TARGET_NAME)";
				SWIFT_VERSION = 4.0;
				TARGETED_DEVICE_FAMILY = "1,2";
				TEST_TARGET_NAME = concept;
			};
			name = Debug;
		};
		20722C571F77C1E900199681 /* Release */ = {
			isa = XCBuildConfiguration;
			buildSettings = {
				ALWAYS_EMBED_SWIFT_STANDARD_LIBRARIES = YES;
				CODE_SIGN_STYLE = Automatic;
				INFOPLIST_FILE = conceptUITests/Info.plist;
				LD_RUNPATH_SEARCH_PATHS = "$(inherited) @executable_path/Frameworks @loader_path/Frameworks";
				PRODUCT_BUNDLE_IDENTIFIER = me.evanollivier.conceptUITests;
				PRODUCT_NAME = "$(TARGET_NAME)";
				SWIFT_VERSION = 4.0;
				TARGETED_DEVICE_FAMILY = "1,2";
				TEST_TARGET_NAME = concept;
			};
			name = Release;
		};
/* End XCBuildConfiguration section */

/* Begin XCConfigurationList section */
		20722C221F77C1E900199681 /* Build configuration list for PBXProject "concept" */ = {
			isa = XCConfigurationList;
			buildConfigurations = (
				20722C4D1F77C1E900199681 /* Debug */,
				20722C4E1F77C1E900199681 /* Release */,
			);
			defaultConfigurationIsVisible = 0;
			defaultConfigurationName = Release;
		};
		20722C4F1F77C1E900199681 /* Build configuration list for PBXNativeTarget "concept" */ = {
			isa = XCConfigurationList;
			buildConfigurations = (
				20722C501F77C1E900199681 /* Debug */,
				20722C511F77C1E900199681 /* Release */,
			);
			defaultConfigurationIsVisible = 0;
			defaultConfigurationName = Release;
		};
		20722C521F77C1E900199681 /* Build configuration list for PBXNativeTarget "conceptTests" */ = {
			isa = XCConfigurationList;
			buildConfigurations = (
				20722C531F77C1E900199681 /* Debug */,
				20722C541F77C1E900199681 /* Release */,
			);
			defaultConfigurationIsVisible = 0;
			defaultConfigurationName = Release;
		};
		20722C551F77C1E900199681 /* Build configuration list for PBXNativeTarget "conceptUITests" */ = {
			isa = XCConfigurationList;
			buildConfigurations = (
				20722C561F77C1E900199681 /* Debug */,
				20722C571F77C1E900199681 /* Release */,
			);
			defaultConfigurationIsVisible = 0;
			defaultConfigurationName = Release;
		};
/* End XCConfigurationList section */

/* Begin XCVersionGroup section */
		209B05FA1F9E4EB2002A7195 /* concept.xcdatamodeld */ = {
			isa = XCVersionGroup;
			children = (
				209B05FB1F9E4EB2002A7195 /* coredata.xcdatamodel */,
			);
			currentVersion = 209B05FB1F9E4EB2002A7195 /* coredata.xcdatamodel */;
			name = concept.xcdatamodeld;
			path = ../../../../coredata/coredata/concept.xcdatamodeld;
			sourceTree = "<group>";
			versionGroupType = wrapper.xcdatamodel;
		};
/* End XCVersionGroup section */
	};
	rootObject = 20722C1F1F77C1E900199681 /* Project object */;
}
